{
  "nodes": {
    "astronvim": {
      "flake": false,
      "locked": {
        "lastModified": 1708524813,
        "narHash": "sha256-fUfh00iYhLJ89wdvtOLM5vAQkZGXanNboqkUWW6Y3Y4=",
        "owner": "AstroNvim",
        "repo": "AstroNvim",
        "rev": "e7483c864e67fed4d1737c3ba76fe9c50b50ad12",
        "type": "github"
      },
      "original": {
        "owner": "AstroNvim",
        "ref": "v3.44.0",
        "repo": "AstroNvim",
        "type": "github"
      }
    },
    "dotfiles": {
      "flake": false,
      "locked": {
        "lastModified": 1708977443,
        "narHash": "sha256-UPG0uKalyl81C59WD1TVPOMW3s1onqPmZLPagXvE11U=",
        "owner": "AlexanderGrooff",
        "repo": "dotfiles",
        "rev": "eb24d7dde721f1ac67f30f91700c38642bce477a",
        "type": "github"
      },
      "original": {
        "owner": "AlexanderGrooff",
        "repo": "dotfiles",
        "type": "github"
      }
    },
    "home-manager": {
      "inputs": {
        "nixpkgs": [
          "nixpkgs"
        ]
      },
      "locked": {
        "lastModified": 1706981411,
        "narHash": "sha256-cLbLPTL1CDmETVh4p0nQtvoF+FSEjsnJTFpTxhXywhQ=",
        "owner": "nix-community",
        "repo": "home-manager",
        "rev": "652fda4ca6dafeb090943422c34ae9145787af37",
        "type": "github"
      },
      "original": {
        "owner": "nix-community",
        "ref": "release-23.11",
        "repo": "home-manager",
        "type": "github"
      }
    },
    "nixpkgs": {
      "locked": {
        "lastModified": 1709309926,
        "narHash": "sha256-VZFBtXGVD9LWTecGi6eXrE0hJ/mVB3zGUlHImUs2Qak=",
        "owner": "NixOS",
        "repo": "nixpkgs",
        "rev": "79baff8812a0d68e24a836df0a364c678089e2c7",
        "type": "github"
      },
      "original": {
        "owner": "NixOS",
        "ref": "nixos-23.11",
        "repo": "nixpkgs",
        "type": "github"
      }
    },
    "root": {
      "inputs": {
        "astronvim": "astronvim",
        "dotfiles": "dotfiles",
        "home-manager": "home-manager",
        "nixpkgs": "nixpkgs"
      }
    }
  },
  "root": "root",
  "version": 7
}
